
Microsoft Visual Studio Solution File, Format Version 12.00
# Visual Studio Version 17
VisualStudioVersion = 17.1.32319.34
MinimumVisualStudioVersion = 10.0.40219.1
Project("{FAE04EC0-301F-11D3-BF4B-00C04F79EFBC}") = "PLC_Lab9", "PLC_Lab9\PLC_Lab9.csproj", "{90DB6743-76D0-414E-AB3A-A924B3B9637E}"
EndProject
Global
	GlobalSection(SolutionConfigurationPlatforms) = preSolution
		Debug|Any CPU = Debug|Any CPU
		Release|Any CPU = Release|Any CPU
	EndGlobalSection
	GlobalSection(ProjectConfigurationPlatforms) = postSolution
		{90DB6743-76D0-414E-AB3A-A924B3B9637E}.Debug|Any CPU.ActiveCfg = Debug|Any CPU
		{90DB6743-76D0-414E-AB3A-A924B3B9637E}.Debug|Any CPU.Build.0 = Debug|Any CPU
		{90DB6743-76D0-414E-AB3A-A924B3B9637E}.Release|Any CPU.ActiveCfg = Release|Any CPU
		{90DB6743-76D0-414E-AB3A-A924B3B9637E}.Release|Any CPU.Build.0 = Release|Any CPU
	EndGlobalSection
	GlobalSection(SolutionProperties) = preSolution
		HideSolutionNode = FALSE
	EndGlobalSection
	GlobalSection(ExtensibilityGlobals) = postSolution
		SolutionGuid = {79FF1C2F-EEAC-4DBE-80FA-B1A72E204B15}
	EndGlobalSection
EndGlobal
