
Microsoft Visual Studio Solution File, Format Version 12.00
# Visual Studio Version 17
VisualStudioVersion = 17.0.32126.317
MinimumVisualStudioVersion = 10.0.40219.1
Project("{FAE04EC0-301F-11D3-BF4B-00C04F79EFBC}") = "lab02", "lab02\lab02.csproj", "{954C2980-D927-4E41-8A18-887A2CD502A9}"
EndProject
Global
	GlobalSection(SolutionConfigurationPlatforms) = preSolution
		Debug|Any CPU = Debug|Any CPU
		Release|Any CPU = Release|Any CPU
	EndGlobalSection
	GlobalSection(ProjectConfigurationPlatforms) = postSolution
		{954C2980-D927-4E41-8A18-887A2CD502A9}.Debug|Any CPU.ActiveCfg = Debug|Any CPU
		{954C2980-D927-4E41-8A18-887A2CD502A9}.Debug|Any CPU.Build.0 = Debug|Any CPU
		{954C2980-D927-4E41-8A18-887A2CD502A9}.Release|Any CPU.ActiveCfg = Release|Any CPU
		{954C2980-D927-4E41-8A18-887A2CD502A9}.Release|Any CPU.Build.0 = Release|Any CPU
	EndGlobalSection
	GlobalSection(SolutionProperties) = preSolution
		HideSolutionNode = FALSE
	EndGlobalSection
	GlobalSection(ExtensibilityGlobals) = postSolution
		SolutionGuid = {D8B8169E-5DF7-44E2-8A11-9AF9257A93AA}
	EndGlobalSection
EndGlobal
